{
    "name": "@dfialho84/sdd-kit",
    "version": "1.0.2",
    "lockfileVersion": 3,
    "requires": true,
    "packages": {
        "": {
            "name": "@dfialho84/sdd-kit",
            "version": "1.0.2",
            "license": "MIT",
            "dependencies": {
                "@dfialho84/sdd-kit": "^1.0.0"
            },
            "bin": {
                "sdd-kit": "bin/sdd-kit.js"
            }
        },
        "node_modules/@dfialho84/sdd-kit": {
            "version": "1.0.0",
            "resolved": "https://registry.npmjs.org/@dfialho84/sdd-kit/-/sdd-kit-1.0.0.tgz",
            "integrity": "sha512-HQcJUV+Vqv4wMTKHd+5iopDWFDSt2FrZjRgNE8EUkfR7AGeRlIazBZr3Fs+MPSzn29pMxqK1AWQmZBAQyKnOlg==",
            "license": "MIT",
            "bin": {
                "sdd-kit": "bin/sdd-kit.js"
            }
        }
    }
}
